# This file is @generated by PDM.
# It is not intended for manual editing.

[metadata]
groups = ["default"]
strategy = ["inherit_metadata"]
lock_version = "4.5.0"
content_hash = "sha256:865223595da5171d39c1b5cf72784fc6d59dfd19cc3bf04bb86bd53c44639a27"

[[metadata.targets]]
requires_python = ">=3.8"
